
Microsoft Visual Studio Solution File, Format Version 12.00
# Visual Studio Version 17
VisualStudioVersion = 17.5.002.0
MinimumVisualStudioVersion = 10.0.40219.1
Project("{2150E333-8FDC-42A3-9474-1A3956D46DE8}") = "src", "src", "{7C70448E-4E96-413B-A026-CF61AE4E0F76}"
	ProjectSection(SolutionItems) = preProject
		Directory.Packages.props = Directory.Packages.props
		Directory.Packages.targets = Directory.Packages.targets
		ICON.png = ICON.png
	EndProjectSection
EndProject
Project("{9A19103F-16F7-4668-BE54-9A1E7A4F7556}") = "MSBuild.Nuget", "MSBuild.Nuget\MSBuild.Nuget.csproj", "{DEE88420-EF04-4845-B0C4-456076A57178}"
EndProject
Global
	GlobalSection(SolutionConfigurationPlatforms) = preSolution
		Debug|Any CPU = Debug|Any CPU
		Release|Any CPU = Release|Any CPU
	EndGlobalSection
	GlobalSection(ProjectConfigurationPlatforms) = postSolution
		{DEE88420-EF04-4845-B0C4-456076A57178}.Debug|Any CPU.ActiveCfg = Debug|Any CPU
		{DEE88420-EF04-4845-B0C4-456076A57178}.Debug|Any CPU.Build.0 = Debug|Any CPU
		{DEE88420-EF04-4845-B0C4-456076A57178}.Release|Any CPU.ActiveCfg = Release|Any CPU
		{DEE88420-EF04-4845-B0C4-456076A57178}.Release|Any CPU.Build.0 = Release|Any CPU
	EndGlobalSection
	GlobalSection(SolutionProperties) = preSolution
		HideSolutionNode = FALSE
	EndGlobalSection
	GlobalSection(NestedProjects) = preSolution
		{DEE88420-EF04-4845-B0C4-456076A57178} = {7C70448E-4E96-413B-A026-CF61AE4E0F76}
	EndGlobalSection
	GlobalSection(ExtensibilityGlobals) = postSolution
		SolutionGuid = {A1523E19-7B04-44F0-B2FE-DE58E9357C93}
	EndGlobalSection
EndGlobal
